
Microsoft Visual Studio Solution File, Format Version 12.00
# Visual Studio Version 17
VisualStudioVersion = 17.3.32819.101
MinimumVisualStudioVersion = 10.0.40219.1
Project("{9A19103F-16F7-4668-BE54-9A1E7A4F7556}") = "TangyWeb_Server", "TangyWeb_Server\TangyWeb_Server.csproj", "{A38C171D-E221-4EF5-85F0-468A6BB7D45D}"
EndProject
Project("{9A19103F-16F7-4668-BE54-9A1E7A4F7556}") = "Tangy_Models", "Tangy_Models\Tangy_Models.csproj", "{3C4D10D4-CB44-4F69-BC00-F9F503B46D26}"
EndProject
Global
	GlobalSection(SolutionConfigurationPlatforms) = preSolution
		Debug|Any CPU = Debug|Any CPU
		Release|Any CPU = Release|Any CPU
	EndGlobalSection
	GlobalSection(ProjectConfigurationPlatforms) = postSolution
		{A38C171D-E221-4EF5-85F0-468A6BB7D45D}.Debug|Any CPU.ActiveCfg = Debug|Any CPU
		{A38C171D-E221-4EF5-85F0-468A6BB7D45D}.Debug|Any CPU.Build.0 = Debug|Any CPU
		{A38C171D-E221-4EF5-85F0-468A6BB7D45D}.Release|Any CPU.ActiveCfg = Release|Any CPU
		{A38C171D-E221-4EF5-85F0-468A6BB7D45D}.Release|Any CPU.Build.0 = Release|Any CPU
		{3C4D10D4-CB44-4F69-BC00-F9F503B46D26}.Debug|Any CPU.ActiveCfg = Debug|Any CPU
		{3C4D10D4-CB44-4F69-BC00-F9F503B46D26}.Debug|Any CPU.Build.0 = Debug|Any CPU
		{3C4D10D4-CB44-4F69-BC00-F9F503B46D26}.Release|Any CPU.ActiveCfg = Release|Any CPU
		{3C4D10D4-CB44-4F69-BC00-F9F503B46D26}.Release|Any CPU.Build.0 = Release|Any CPU
	EndGlobalSection
	GlobalSection(SolutionProperties) = preSolution
		HideSolutionNode = FALSE
	EndGlobalSection
	GlobalSection(ExtensibilityGlobals) = postSolution
		SolutionGuid = {ECBD3891-864D-4EEB-8033-C4FB428DBEE4}
	EndGlobalSection
EndGlobal
